
Microsoft Visual Studio Solution File, Format Version 12.00
# Visual Studio Version 17
VisualStudioVersion = 17.14.36623.8
MinimumVisualStudioVersion = 10.0.40219.1
Project("{2150E333-8FDC-42A3-9474-1A3956D46DE8}") = "Task0", "Task0", "{02EA681E-C7D8-13C7-8484-4AC65E1B71E8}"
EndProject
Project("{FAE04EC0-301F-11D3-BF4B-00C04F79EFBC}") = "Tyuiu.MalkovaMS.Sprint4.Task0.V21", "Tyuiu.MalkovaMS.Sprint4.Task0.V21\Tyuiu.MalkovaMS.Sprint4.Task0.V21.csproj", "{1CC07BC4-C5D3-4B27-8928-3AD4ECA1F752}"
EndProject
Project("{FAE04EC0-301F-11D3-BF4B-00C04F79EFBC}") = "Tyuiu.MalkovaMS.Sprint4.Task0.V21.Lib", "Tyuiu.MalkovaMS.Sprint4.Task0.V21.Lib\Tyuiu.MalkovaMS.Sprint4.Task0.V21.Lib.csproj", "{7A499E13-EF89-4B91-B484-534375525DAB}"
EndProject
Project("{FAE04EC0-301F-11D3-BF4B-00C04F79EFBC}") = "Tyuiu.MalkovaMS.Sprint4.Task0.V21.Test", "Tyuiu.MalkovaMS.Sprint4.Task0.V21.Test\Tyuiu.MalkovaMS.Sprint4.Task0.V21.Test.csproj", "{82D9979F-9BCE-460D-AFA6-46B2F47DA261}"
EndProject
Project("{2150E333-8FDC-42A3-9474-1A3956D46DE8}") = "Task1", "Task1", "{855B53BF-2779-4DA7-B751-9772E93576FF}"
EndProject
Project("{FAE04EC0-301F-11D3-BF4B-00C04F79EFBC}") = "Tyuiu.MalkovaMS.Sprint4.Task1.V15", "Tyuiu.MalkovaMS.Sprint4.Task1.V15\Tyuiu.MalkovaMS.Sprint4.Task1.V15.csproj", "{474C6070-0949-4775-87C1-CF3AEBCAE40F}"
EndProject
Project("{FAE04EC0-301F-11D3-BF4B-00C04F79EFBC}") = "Tyuiu.MalkovaMS.Sprint4.Task1.V15.Lib", "Tyuiu.MalkovaMS.Sprint4.Task1.V15.Lib\Tyuiu.MalkovaMS.Sprint4.Task1.V15.Lib.csproj", "{0DC16A6E-5DCE-479D-9516-95A239B77070}"
EndProject
Project("{FAE04EC0-301F-11D3-BF4B-00C04F79EFBC}") = "Tyuiu.MalkovaMS.Sprint4.Task1.V15.Test", "Tyuiu.MalkovaMS.Sprint4.Task1.V15.Test\Tyuiu.MalkovaMS.Sprint4.Task1.V15.Test.csproj", "{E13FE39B-332C-4B4F-A57F-25F2A3B00767}"
EndProject
Project("{2150E333-8FDC-42A3-9474-1A3956D46DE8}") = "Task2", "Task2", "{0FAD6BBB-17DD-4B5C-A1EE-D91CEA6F89C1}"
EndProject
Project("{FAE04EC0-301F-11D3-BF4B-00C04F79EFBC}") = "Tyuiu.MalkovaMS.Sprint4.Task2.V16", "Tyuiu.MalkovaMS.Sprint4.Task2.V16\Tyuiu.MalkovaMS.Sprint4.Task2.V16.csproj", "{853DD232-1C3F-405C-9637-195EA6EDAA54}"
EndProject
Project("{FAE04EC0-301F-11D3-BF4B-00C04F79EFBC}") = "Tyuiu.MalkovaMS.Sprint4.Task2.V16.Lib", "Tyuiu.MalkovaMS.Sprint4.Task2.V16.Lib\Tyuiu.MalkovaMS.Sprint4.Task2.V16.Lib.csproj", "{524AB72D-8013-4061-AADE-BB1DD0BE9EEB}"
EndProject
Project("{FAE04EC0-301F-11D3-BF4B-00C04F79EFBC}") = "Tyuiu.MalkovaMS.Sprint4.Task2.V16.Test", "Tyuiu.MalkovaMS.Sprint4.Task2.V16.Test\Tyuiu.MalkovaMS.Sprint4.Task2.V16.Test.csproj", "{70C7E8C3-F80B-4062-8748-AD735A9D9B9D}"
EndProject
Project("{2150E333-8FDC-42A3-9474-1A3956D46DE8}") = "Task3", "Task3", "{99B28FA8-5D90-45E9-A998-FDAACC9D1DAD}"
EndProject
Project("{FAE04EC0-301F-11D3-BF4B-00C04F79EFBC}") = "Tyuiu.MalkovaMS.Sprint4.Task3.V13", "Tyuiu.MalkovaMS.Sprint4.Task3.V13\Tyuiu.MalkovaMS.Sprint4.Task3.V13.csproj", "{7FECF9F6-7A6A-4F42-A117-802A13916BE4}"
EndProject
Project("{FAE04EC0-301F-11D3-BF4B-00C04F79EFBC}") = "Tyuiu.MalkovaMS.Sprint4.Task3.V13.Lib", "Tyuiu.MalkovaMS.Sprint4.Task3.V13.Lib\Tyuiu.MalkovaMS.Sprint4.Task3.V13.Lib.csproj", "{A820D57A-1BA2-4DBF-B167-17797FA7E4F0}"
EndProject
Project("{FAE04EC0-301F-11D3-BF4B-00C04F79EFBC}") = "Tyuiu.MalkovaMS.Sprint4.Task3.V13.Test", "Tyuiu.MalkovaMS.Sprint4.Task3.V13.Test\Tyuiu.MalkovaMS.Sprint4.Task3.V13.Test.csproj", "{3C385283-C982-49BC-AB71-8F5E85FAD4C0}"
EndProject
Project("{2150E333-8FDC-42A3-9474-1A3956D46DE8}") = "Task4", "Task4", "{E32E7169-6F06-408F-A49C-5615867F686C}"
EndProject
Project("{FAE04EC0-301F-11D3-BF4B-00C04F79EFBC}") = "Tyuiu.MalkovaMS.Sprint4.Task4.V2", "Tyuiu.MalkovaMS.Sprint4.Task4.V2\Tyuiu.MalkovaMS.Sprint4.Task4.V2.csproj", "{FC85634D-986B-4FBC-943C-DB305BF09694}"
EndProject
Project("{FAE04EC0-301F-11D3-BF4B-00C04F79EFBC}") = "Tyuiu.MalkovaMS.Sprint4.Task4.V2.Lib", "Tyuiu.MalkovaMS.Sprint4.Task4.V2.Lib\Tyuiu.MalkovaMS.Sprint4.Task4.V2.Lib.csproj", "{0E67C84F-2B14-4E82-A63C-1EC910B88D38}"
EndProject
Project("{FAE04EC0-301F-11D3-BF4B-00C04F79EFBC}") = "Tyuiu.MalkovaMS.Sprint4.Task4.V2.Test", "Tyuiu.MalkovaMS.Sprint4.Task4.V2.Test\Tyuiu.MalkovaMS.Sprint4.Task4.V2.Test.csproj", "{7234EF12-1851-4FAC-AC77-C86EC940EED6}"
EndProject
Project("{2150E333-8FDC-42A3-9474-1A3956D46DE8}") = "Task5", "Task5", "{2C103493-674D-436F-8716-E984465111F3}"
EndProject
Project("{FAE04EC0-301F-11D3-BF4B-00C04F79EFBC}") = "Tyuiu.MalkovaMS.Sprint4.Task5.V27", "Tyuiu.MalkovaMS.Sprint4.Task5.V27\Tyuiu.MalkovaMS.Sprint4.Task5.V27.csproj", "{AF538124-27B8-4586-9A9E-5E0A4DF1C5F3}"
EndProject
Project("{FAE04EC0-301F-11D3-BF4B-00C04F79EFBC}") = "Tyuiu.MalkovaMS.Sprint4.Task5.V27.Lib", "Tyuiu.MalkovaMS.Sprint4.Task5.V27.Lib\Tyuiu.MalkovaMS.Sprint4.Task5.V27.Lib.csproj", "{45E3CD0A-773E-47AD-8852-B97FD6EA1B34}"
EndProject
Project("{FAE04EC0-301F-11D3-BF4B-00C04F79EFBC}") = "Tyuiu.MalkovaMS.Sprint4.Task5.V27.Test", "Tyuiu.MalkovaMS.Sprint4.Task5.V27.Test\Tyuiu.MalkovaMS.Sprint4.Task5.V27.Test.csproj", "{4A1B4A49-B6C9-4B40-9CFF-E4AC8F1E3525}"
EndProject
Project("{2150E333-8FDC-42A3-9474-1A3956D46DE8}") = "Task6", "Task6", "{E35540A7-1A50-403A-AE3A-949113F9735E}"
EndProject
Project("{FAE04EC0-301F-11D3-BF4B-00C04F79EFBC}") = "Tyuiu.MalkovaMS.Sprint4.Task6.V25", "Tyuiu.MalkovaMS.Sprint4.Task6.V25\Tyuiu.MalkovaMS.Sprint4.Task6.V25.csproj", "{2B398ACB-7CD0-4405-99DB-AD06688B80FA}"
EndProject
Project("{FAE04EC0-301F-11D3-BF4B-00C04F79EFBC}") = "Tyuiu.MalkovaMS.Sprint4.Task6.V25.Lib", "Tyuiu.MalkovaMS.Sprint4.Task6.V25.Lib\Tyuiu.MalkovaMS.Sprint4.Task6.V25.Lib.csproj", "{BD24A7B9-D1C2-4B86-8468-DACEAF9432CF}"
EndProject
Project("{FAE04EC0-301F-11D3-BF4B-00C04F79EFBC}") = "Tyuiu.MalkovaMS.Sprint4.Task6.V25.Test", "Tyuiu.MalkovaMS.Sprint4.Task6.V25.Test\Tyuiu.MalkovaMS.Sprint4.Task6.V25.Test.csproj", "{7D991678-60AF-4F9E-B15E-0834C793CBF3}"
EndProject
Project("{2150E333-8FDC-42A3-9474-1A3956D46DE8}") = "Task7", "Task7", "{8AD069C0-DB19-4830-B597-21D0C802A9E0}"
EndProject
Project("{FAE04EC0-301F-11D3-BF4B-00C04F79EFBC}") = "Tyuiu.MalkovaMS.Sprint4.Task7.V13", "Tyuiu.MalkovaMS.Sprint4.Task7.V13\Tyuiu.MalkovaMS.Sprint4.Task7.V13.csproj", "{03ACE46B-2758-4E92-8EDF-5FC1CC55F018}"
EndProject
Project("{FAE04EC0-301F-11D3-BF4B-00C04F79EFBC}") = "Tyuiu.MalkovaMS.Sprint4.Task7.V13.Lib", "Tyuiu.MalkovaMS.Sprint4.Task7.V13.Lib\Tyuiu.MalkovaMS.Sprint4.Task7.V13.Lib.csproj", "{BF114726-5DEF-458A-B11B-6AF3B0BCCBB2}"
EndProject
Project("{FAE04EC0-301F-11D3-BF4B-00C04F79EFBC}") = "Tyuiu.MalkovaMS.Sprint4.Task7.V13.Test", "Tyuiu.MalkovaMS.Sprint4.Task7.V13.Test\Tyuiu.MalkovaMS.Sprint4.Task7.V13.Test.csproj", "{53903A7B-42A6-4894-95CC-F9DEA0C28F11}"
EndProject
Global
	GlobalSection(SolutionConfigurationPlatforms) = preSolution
		Debug|Any CPU = Debug|Any CPU
		Release|Any CPU = Release|Any CPU
	EndGlobalSection
	GlobalSection(ProjectConfigurationPlatforms) = postSolution
		{1CC07BC4-C5D3-4B27-8928-3AD4ECA1F752}.Debug|Any CPU.ActiveCfg = Debug|Any CPU
		{1CC07BC4-C5D3-4B27-8928-3AD4ECA1F752}.Debug|Any CPU.Build.0 = Debug|Any CPU
		{1CC07BC4-C5D3-4B27-8928-3AD4ECA1F752}.Release|Any CPU.ActiveCfg = Release|Any CPU
		{1CC07BC4-C5D3-4B27-8928-3AD4ECA1F752}.Release|Any CPU.Build.0 = Release|Any CPU
		{7A499E13-EF89-4B91-B484-534375525DAB}.Debug|Any CPU.ActiveCfg = Debug|Any CPU
		{7A499E13-EF89-4B91-B484-534375525DAB}.Debug|Any CPU.Build.0 = Debug|Any CPU
		{7A499E13-EF89-4B91-B484-534375525DAB}.Release|Any CPU.ActiveCfg = Release|Any CPU
		{7A499E13-EF89-4B91-B484-534375525DAB}.Release|Any CPU.Build.0 = Release|Any CPU
		{82D9979F-9BCE-460D-AFA6-46B2F47DA261}.Debug|Any CPU.ActiveCfg = Debug|Any CPU
		{82D9979F-9BCE-460D-AFA6-46B2F47DA261}.Debug|Any CPU.Build.0 = Debug|Any CPU
		{82D9979F-9BCE-460D-AFA6-46B2F47DA261}.Release|Any CPU.ActiveCfg = Release|Any CPU
		{82D9979F-9BCE-460D-AFA6-46B2F47DA261}.Release|Any CPU.Build.0 = Release|Any CPU
		{474C6070-0949-4775-87C1-CF3AEBCAE40F}.Debug|Any CPU.ActiveCfg = Debug|Any CPU
		{474C6070-0949-4775-87C1-CF3AEBCAE40F}.Debug|Any CPU.Build.0 = Debug|Any CPU
		{474C6070-0949-4775-87C1-CF3AEBCAE40F}.Release|Any CPU.ActiveCfg = Release|Any CPU
		{474C6070-0949-4775-87C1-CF3AEBCAE40F}.Release|Any CPU.Build.0 = Release|Any CPU
		{0DC16A6E-5DCE-479D-9516-95A239B77070}.Debug|Any CPU.ActiveCfg = Debug|Any CPU
		{0DC16A6E-5DCE-479D-9516-95A239B77070}.Debug|Any CPU.Build.0 = Debug|Any CPU
		{0DC16A6E-5DCE-479D-9516-95A239B77070}.Release|Any CPU.ActiveCfg = Release|Any CPU
		{0DC16A6E-5DCE-479D-9516-95A239B77070}.Release|Any CPU.Build.0 = Release|Any CPU
		{E13FE39B-332C-4B4F-A57F-25F2A3B00767}.Debug|Any CPU.ActiveCfg = Debug|Any CPU
		{E13FE39B-332C-4B4F-A57F-25F2A3B00767}.Debug|Any CPU.Build.0 = Debug|Any CPU
		{E13FE39B-332C-4B4F-A57F-25F2A3B00767}.Release|Any CPU.ActiveCfg = Release|Any CPU
		{E13FE39B-332C-4B4F-A57F-25F2A3B00767}.Release|Any CPU.Build.0 = Release|Any CPU
		{853DD232-1C3F-405C-9637-195EA6EDAA54}.Debug|Any CPU.ActiveCfg = Debug|Any CPU
		{853DD232-1C3F-405C-9637-195EA6EDAA54}.Debug|Any CPU.Build.0 = Debug|Any CPU
		{853DD232-1C3F-405C-9637-195EA6EDAA54}.Release|Any CPU.ActiveCfg = Release|Any CPU
		{853DD232-1C3F-405C-9637-195EA6EDAA54}.Release|Any CPU.Build.0 = Release|Any CPU
		{524AB72D-8013-4061-AADE-BB1DD0BE9EEB}.Debug|Any CPU.ActiveCfg = Debug|Any CPU
		{524AB72D-8013-4061-AADE-BB1DD0BE9EEB}.Debug|Any CPU.Build.0 = Debug|Any CPU
		{524AB72D-8013-4061-AADE-BB1DD0BE9EEB}.Release|Any CPU.ActiveCfg = Release|Any CPU
		{524AB72D-8013-4061-AADE-BB1DD0BE9EEB}.Release|Any CPU.Build.0 = Release|Any CPU
		{70C7E8C3-F80B-4062-8748-AD735A9D9B9D}.Debug|Any CPU.ActiveCfg = Debug|Any CPU
		{70C7E8C3-F80B-4062-8748-AD735A9D9B9D}.Debug|Any CPU.Build.0 = Debug|Any CPU
		{70C7E8C3-F80B-4062-8748-AD735A9D9B9D}.Release|Any CPU.ActiveCfg = Release|Any CPU
		{70C7E8C3-F80B-4062-8748-AD735A9D9B9D}.Release|Any CPU.Build.0 = Release|Any CPU
		{7FECF9F6-7A6A-4F42-A117-802A13916BE4}.Debug|Any CPU.ActiveCfg = Debug|Any CPU
		{7FECF9F6-7A6A-4F42-A117-802A13916BE4}.Debug|Any CPU.Build.0 = Debug|Any CPU
		{7FECF9F6-7A6A-4F42-A117-802A13916BE4}.Release|Any CPU.ActiveCfg = Release|Any CPU
		{7FECF9F6-7A6A-4F42-A117-802A13916BE4}.Release|Any CPU.Build.0 = Release|Any CPU
		{A820D57A-1BA2-4DBF-B167-17797FA7E4F0}.Debug|Any CPU.ActiveCfg = Debug|Any CPU
		{A820D57A-1BA2-4DBF-B167-17797FA7E4F0}.Debug|Any CPU.Build.0 = Debug|Any CPU
		{A820D57A-1BA2-4DBF-B167-17797FA7E4F0}.Release|Any CPU.ActiveCfg = Release|Any CPU
		{A820D57A-1BA2-4DBF-B167-17797FA7E4F0}.Release|Any CPU.Build.0 = Release|Any CPU
		{3C385283-C982-49BC-AB71-8F5E85FAD4C0}.Debug|Any CPU.ActiveCfg = Debug|Any CPU
		{3C385283-C982-49BC-AB71-8F5E85FAD4C0}.Debug|Any CPU.Build.0 = Debug|Any CPU
		{3C385283-C982-49BC-AB71-8F5E85FAD4C0}.Release|Any CPU.ActiveCfg = Release|Any CPU
		{3C385283-C982-49BC-AB71-8F5E85FAD4C0}.Release|Any CPU.Build.0 = Release|Any CPU
		{FC85634D-986B-4FBC-943C-DB305BF09694}.Debug|Any CPU.ActiveCfg = Debug|Any CPU
		{FC85634D-986B-4FBC-943C-DB305BF09694}.Debug|Any CPU.Build.0 = Debug|Any CPU
		{FC85634D-986B-4FBC-943C-DB305BF09694}.Release|Any CPU.ActiveCfg = Release|Any CPU
		{FC85634D-986B-4FBC-943C-DB305BF09694}.Release|Any CPU.Build.0 = Release|Any CPU
		{0E67C84F-2B14-4E82-A63C-1EC910B88D38}.Debug|Any CPU.ActiveCfg = Debug|Any CPU
		{0E67C84F-2B14-4E82-A63C-1EC910B88D38}.Debug|Any CPU.Build.0 = Debug|Any CPU
		{0E67C84F-2B14-4E82-A63C-1EC910B88D38}.Release|Any CPU.ActiveCfg = Release|Any CPU
		{0E67C84F-2B14-4E82-A63C-1EC910B88D38}.Release|Any CPU.Build.0 = Release|Any CPU
		{7234EF12-1851-4FAC-AC77-C86EC940EED6}.Debug|Any CPU.ActiveCfg = Debug|Any CPU
		{7234EF12-1851-4FAC-AC77-C86EC940EED6}.Debug|Any CPU.Build.0 = Debug|Any CPU
		{7234EF12-1851-4FAC-AC77-C86EC940EED6}.Release|Any CPU.ActiveCfg = Release|Any CPU
		{7234EF12-1851-4FAC-AC77-C86EC940EED6}.Release|Any CPU.Build.0 = Release|Any CPU
		{AF538124-27B8-4586-9A9E-5E0A4DF1C5F3}.Debug|Any CPU.ActiveCfg = Debug|Any CPU
		{AF538124-27B8-4586-9A9E-5E0A4DF1C5F3}.Debug|Any CPU.Build.0 = Debug|Any CPU
		{AF538124-27B8-4586-9A9E-5E0A4DF1C5F3}.Release|Any CPU.ActiveCfg = Release|Any CPU
		{AF538124-27B8-4586-9A9E-5E0A4DF1C5F3}.Release|Any CPU.Build.0 = Release|Any CPU
		{45E3CD0A-773E-47AD-8852-B97FD6EA1B34}.Debug|Any CPU.ActiveCfg = Debug|Any CPU
		{45E3CD0A-773E-47AD-8852-B97FD6EA1B34}.Debug|Any CPU.Build.0 = Debug|Any CPU
		{45E3CD0A-773E-47AD-8852-B97FD6EA1B34}.Release|Any CPU.ActiveCfg = Release|Any CPU
		{45E3CD0A-773E-47AD-8852-B97FD6EA1B34}.Release|Any CPU.Build.0 = Release|Any CPU
		{4A1B4A49-B6C9-4B40-9CFF-E4AC8F1E3525}.Debug|Any CPU.ActiveCfg = Debug|Any CPU
		{4A1B4A49-B6C9-4B40-9CFF-E4AC8F1E3525}.Debug|Any CPU.Build.0 = Debug|Any CPU
		{4A1B4A49-B6C9-4B40-9CFF-E4AC8F1E3525}.Release|Any CPU.ActiveCfg = Release|Any CPU
		{4A1B4A49-B6C9-4B40-9CFF-E4AC8F1E3525}.Release|Any CPU.Build.0 = Release|Any CPU
		{2B398ACB-7CD0-4405-99DB-AD06688B80FA}.Debug|Any CPU.ActiveCfg = Debug|Any CPU
		{2B398ACB-7CD0-4405-99DB-AD06688B80FA}.Debug|Any CPU.Build.0 = Debug|Any CPU
		{2B398ACB-7CD0-4405-99DB-AD06688B80FA}.Release|Any CPU.ActiveCfg = Release|Any CPU
		{2B398ACB-7CD0-4405-99DB-AD06688B80FA}.Release|Any CPU.Build.0 = Release|Any CPU
		{BD24A7B9-D1C2-4B86-8468-DACEAF9432CF}.Debug|Any CPU.ActiveCfg = Debug|Any CPU
		{BD24A7B9-D1C2-4B86-8468-DACEAF9432CF}.Debug|Any CPU.Build.0 = Debug|Any CPU
		{BD24A7B9-D1C2-4B86-8468-DACEAF9432CF}.Release|Any CPU.ActiveCfg = Release|Any CPU
		{BD24A7B9-D1C2-4B86-8468-DACEAF9432CF}.Release|Any CPU.Build.0 = Release|Any CPU
		{7D991678-60AF-4F9E-B15E-0834C793CBF3}.Debug|Any CPU.ActiveCfg = Debug|Any CPU
		{7D991678-60AF-4F9E-B15E-0834C793CBF3}.Debug|Any CPU.Build.0 = Debug|Any CPU
		{7D991678-60AF-4F9E-B15E-0834C793CBF3}.Release|Any CPU.ActiveCfg = Release|Any CPU
		{7D991678-60AF-4F9E-B15E-0834C793CBF3}.Release|Any CPU.Build.0 = Release|Any CPU
		{03ACE46B-2758-4E92-8EDF-5FC1CC55F018}.Debug|Any CPU.ActiveCfg = Debug|Any CPU
		{03ACE46B-2758-4E92-8EDF-5FC1CC55F018}.Debug|Any CPU.Build.0 = Debug|Any CPU
		{03ACE46B-2758-4E92-8EDF-5FC1CC55F018}.Release|Any CPU.ActiveCfg = Release|Any CPU
		{03ACE46B-2758-4E92-8EDF-5FC1CC55F018}.Release|Any CPU.Build.0 = Release|Any CPU
		{BF114726-5DEF-458A-B11B-6AF3B0BCCBB2}.Debug|Any CPU.ActiveCfg = Debug|Any CPU
		{BF114726-5DEF-458A-B11B-6AF3B0BCCBB2}.Debug|Any CPU.Build.0 = Debug|Any CPU
		{BF114726-5DEF-458A-B11B-6AF3B0BCCBB2}.Release|Any CPU.ActiveCfg = Release|Any CPU
		{BF114726-5DEF-458A-B11B-6AF3B0BCCBB2}.Release|Any CPU.Build.0 = Release|Any CPU
		{53903A7B-42A6-4894-95CC-F9DEA0C28F11}.Debug|Any CPU.ActiveCfg = Debug|Any CPU
		{53903A7B-42A6-4894-95CC-F9DEA0C28F11}.Debug|Any CPU.Build.0 = Debug|Any CPU
		{53903A7B-42A6-4894-95CC-F9DEA0C28F11}.Release|Any CPU.ActiveCfg = Release|Any CPU
		{53903A7B-42A6-4894-95CC-F9DEA0C28F11}.Release|Any CPU.Build.0 = Release|Any CPU
	EndGlobalSection
	GlobalSection(SolutionProperties) = preSolution
		HideSolutionNode = FALSE
	EndGlobalSection
	GlobalSection(NestedProjects) = preSolution
		{1CC07BC4-C5D3-4B27-8928-3AD4ECA1F752} = {02EA681E-C7D8-13C7-8484-4AC65E1B71E8}
		{7A499E13-EF89-4B91-B484-534375525DAB} = {02EA681E-C7D8-13C7-8484-4AC65E1B71E8}
		{82D9979F-9BCE-460D-AFA6-46B2F47DA261} = {02EA681E-C7D8-13C7-8484-4AC65E1B71E8}
		{474C6070-0949-4775-87C1-CF3AEBCAE40F} = {855B53BF-2779-4DA7-B751-9772E93576FF}
		{0DC16A6E-5DCE-479D-9516-95A239B77070} = {855B53BF-2779-4DA7-B751-9772E93576FF}
		{E13FE39B-332C-4B4F-A57F-25F2A3B00767} = {855B53BF-2779-4DA7-B751-9772E93576FF}
		{853DD232-1C3F-405C-9637-195EA6EDAA54} = {0FAD6BBB-17DD-4B5C-A1EE-D91CEA6F89C1}
		{524AB72D-8013-4061-AADE-BB1DD0BE9EEB} = {0FAD6BBB-17DD-4B5C-A1EE-D91CEA6F89C1}
		{70C7E8C3-F80B-4062-8748-AD735A9D9B9D} = {0FAD6BBB-17DD-4B5C-A1EE-D91CEA6F89C1}
		{7FECF9F6-7A6A-4F42-A117-802A13916BE4} = {99B28FA8-5D90-45E9-A998-FDAACC9D1DAD}
		{A820D57A-1BA2-4DBF-B167-17797FA7E4F0} = {99B28FA8-5D90-45E9-A998-FDAACC9D1DAD}
		{3C385283-C982-49BC-AB71-8F5E85FAD4C0} = {99B28FA8-5D90-45E9-A998-FDAACC9D1DAD}
		{FC85634D-986B-4FBC-943C-DB305BF09694} = {E32E7169-6F06-408F-A49C-5615867F686C}
		{0E67C84F-2B14-4E82-A63C-1EC910B88D38} = {E32E7169-6F06-408F-A49C-5615867F686C}
		{7234EF12-1851-4FAC-AC77-C86EC940EED6} = {E32E7169-6F06-408F-A49C-5615867F686C}
		{AF538124-27B8-4586-9A9E-5E0A4DF1C5F3} = {2C103493-674D-436F-8716-E984465111F3}
		{45E3CD0A-773E-47AD-8852-B97FD6EA1B34} = {2C103493-674D-436F-8716-E984465111F3}
		{4A1B4A49-B6C9-4B40-9CFF-E4AC8F1E3525} = {2C103493-674D-436F-8716-E984465111F3}
		{2B398ACB-7CD0-4405-99DB-AD06688B80FA} = {E35540A7-1A50-403A-AE3A-949113F9735E}
		{BD24A7B9-D1C2-4B86-8468-DACEAF9432CF} = {E35540A7-1A50-403A-AE3A-949113F9735E}
		{7D991678-60AF-4F9E-B15E-0834C793CBF3} = {E35540A7-1A50-403A-AE3A-949113F9735E}
		{03ACE46B-2758-4E92-8EDF-5FC1CC55F018} = {8AD069C0-DB19-4830-B597-21D0C802A9E0}
		{BF114726-5DEF-458A-B11B-6AF3B0BCCBB2} = {8AD069C0-DB19-4830-B597-21D0C802A9E0}
		{53903A7B-42A6-4894-95CC-F9DEA0C28F11} = {8AD069C0-DB19-4830-B597-21D0C802A9E0}
	EndGlobalSection
	GlobalSection(ExtensibilityGlobals) = postSolution
		SolutionGuid = {ADCAEDE8-5B1D-4353-8D14-5227964E3A30}
	EndGlobalSection
EndGlobal
